hash: e3b0c44298fc1c149afbf4c8996fb92427ae41e4649b934ca495991b7852b855
updated: 2015-12-20T19:48:53.361138661-05:00
imports:
- name: code.google.com/p/go.net
  version: ""
  repo: https://code.google.com/p/go.net
- name: code.google.com/p/gosqlite
  version: ""
  repo: https://code.google.com/p/gosqlite
- name: egoscale
  version: ""
  repo: https://egoscale
- name: github.com/agtorre/gocolorize
  version: f42b554bf7f006936130c9bb4f971afd2d87f671
  repo: https://github.com/agtorre/gocolorize
- name: github.com/aws/aws-sdk-go
  version: 18177cad2597e3cac4173b4f267b784abdb3c854
  repo: git@github.com:aws/aws-sdk-go.git
  vcs: git
- name: github.com/bradfitz/gomemcache
  version: 72a68649ba712ee7c4b5b4a943a626bcd7d90eb8
  repo: https://github.com/bradfitz/gomemcache
- name: github.com/bugsnag/bugsnag-go
  version: 02e952891c52fbcb15f113d90633897355783b6e
- name: github.com/bugsnag/osext
  version: 0dd3f918b21bec95ace9dc86c7e70266cfc5c702
- name: github.com/bugsnag/panicwrap
  version: e5f9854865b9778a45169fc249e99e338d4d6f27
- name: github.com/cenkalti/backoff
  version: 9831e1e25c874e0a0601b6dc43641071414eec7a
- name: github.com/codegangsta/cli
  version: 0302d3914d2a6ad61404584cdae6e6dbc9c03599
- name: github.com/codegangsta/inject
  version: 33e0aa1cb7c019ccc3fbe049a8262a6403d30504
- name: github.com/coreos/go-systemd
  version: a831f36d09de8f095c28eeee839df52e9de5031f
  repo: https://github.com/coreos/go-systemd
- name: github.com/digitalocean/godo
  version: 2124bf3eeeb4ac070337bb19ef7b76a745de56f4
- name: github.com/docker/docker
  version: a8a31eff10544860d2188dddabdee4d727545796
  subpackages:
  - pkg/term
  - pkg/units
- name: github.com/docker/libcontainer
  version: 83a102cc68a09d890cce3b6c2e5c14c49e6373a0
  repo: https://github.com/docker/libcontainer
- name: github.com/docker/libtrust
  version: 9cbd2a1374f46905c68a4eb3694a130610adc62a
  repo: https://github.com/docker/libtrust
- name: github.com/docker/machine
  version: 6643d0e53ed8f7a15391425d8336d6734bc9a097
  repo: git@github.com:docker/machine.git
  vcs: git
- name: github.com/garyburd/redigo
  version: 836b6e58b3358112c8291565d01c35b8764070d7
  repo: https://github.com/garyburd/redigo
- name: github.com/go-fsnotify/fsnotify
  version: 508915b7500b6e42a87132e4afeb4729cebc7cbb
  repo: https://github.com/go-fsnotify/fsnotify
- name: github.com/go-ini/ini
  version: 6ec4abd8f8d587536da56f730858f0e27aeb4126
- name: github.com/go-martini/martini
  version: 15a47622d6a9b3e6a1eaca2681e4850f612471ea
  repo: https://github.com/go-martini/martini
- name: github.com/godbus/dbus
  version: a1b8ba5163b7f041b22761461eabd02b70d1f824
  repo: https://github.com/godbus/dbus
- name: github.com/golang/glog
  version: fca8c8854093a154ff1eb580aae10276ad6b1b5f
  repo: https://github.com/golang/glog
- name: github.com/golang/protobuf
  version: 68415e7123da32b07eab49c96d2c4d6158360e9b
  repo: https://github.com/golang/protobuf
- name: github.com/google/go-querystring
  version: 30f7a39f4a218feb5325f3aebc60c32a572a8274
  subpackages:
  - query
- name: github.com/gorilla/context
  version: 1c83b3eabd45b6d76072b66b746c20815fb2872d
  repo: https://github.com/gorilla/context
- name: github.com/gorilla/mux
  version: 9c068cf16d982f8bd444b8c352acbeec34c4fe5b
  repo: https://github.com/gorilla/mux
- name: github.com/jmespath/go-jmespath
  version: c01cf91b011868172fdcd9f41838e80c9d716264
- name: github.com/kr/pty
  version: f7ee69f31298ecbe5d2b349c711e2547a617d398
  repo: https://github.com/kr/pty
- name: github.com/lsegal/gucumber
  version: e8116c9c66e641e9f81fc0a79fac923dfc646378
  repo: https://github.com/lsegal/gucumber
- name: github.com/mitchellh/mapstructure
  version: 740c764bc6149d3f1806231418adb9f52c11bcbf
- name: github.com/MSOpenTech/azure-sdk-for-go
  version: 515f3ec74ce6a5b31e934cefae997c97bd0a1b1e
- name: github.com/pyr/egoscale
  version: bbaa67324aeeacc90430c1fe0a9c620d3929512e
  subpackages:
  - src/egoscale
- name: github.com/rackspace/gophercloud
  version: ce0f487f6747ab43c4e4404722df25349385bebd
- name: github.com/revel/revel
  version: a9a2ff45fae4330ef4116b257bcf9c82e53350c2
  repo: https://github.com/revel/revel
- name: github.com/robfig/config
  version: 0f78529c8c7e3e9a25f15876532ecbc07c7d99e6
  repo: https://github.com/robfig/config
- name: github.com/robfig/go-cache
  version: 9fc39e0dbf62c034ec4e45e6120fc69433a3ec51
  repo: https://github.com/robfig/go-cache
- name: github.com/robfig/pathtree
  version: 41257a1839e945fce74afd070e02bab2ea2c776a
  repo: https://github.com/robfig/pathtree
- name: github.com/samalba/dockerclient
  version: 82381805d3533c97cec74e1cc79b00ef45774571
- name: github.com/shiena/ansicolor
  version: a422bbe96644373c5753384a59d678f7d261ff10
  repo: https://github.com/shiena/ansicolor
- name: github.com/Sirupsen/logrus
  version: 446d1c146faa8ed3f4218f056fcd165f6bcfda81
  repo: https://github.com/Sirupsen/logrus
- name: github.com/skarademir/naturalsort
  version: 69a5d87bef620f77ee8508db30c846b3b84b111e
- name: github.com/smartystreets/go-aws-auth
  version: 1f0db8c0ee6362470abe06a94e3385927ed72a4b
- name: github.com/stretchr/objx
  version: 1a9d0bb9f541897e62256577b352fdbc1fb4fd94
  repo: https://github.com/stretchr/objx
- name: github.com/stretchr/testify
  version: e4ec8152c15fc46bd5056ce65997a07c7d415325
  subpackages:
  - assert
- name: github.com/tchap/go-patricia
  version: 42daf53d2c20234572a4640ac642df046505562d
  repo: https://github.com/tchap/go-patricia
- name: github.com/tent/http-link-go
  version: ac974c61c2f990f4115b119354b5e0b47550e888
- name: github.com/vmware/govcloudair
  version: 66a23eaabc61518f91769939ff541886fe1dceef
- name: golang.org/x/crypto
  version: beef0f4390813b96e8e68fd78570396d0f4751fc
  subpackages:
  - curve25519
  - ssh
- name: golang.org/x/net
  version: 4f2fc6c1e69d41baf187332ee08fbd2b296f21ed
  subpackages:
  - context
- name: golang.org/x/oauth2
  version: 442624c9ec9243441e83b374a9e22ac549b5c51d
- name: golang.org/x/sys
  version: d9157a9621b69ad1d8d77a1933590c416593f24f
  subpackages:
  - windows/registry
- name: golang.org/x/text
  version: cf4986612c83df6c55578ba198316d1684a9a287
  repo: https://golang.org/x/text
- name: golang.org/x/tools
  version: 9673333889cecd0170042cef4585f782e59c45da
- name: google.golang.org/api
  version: 030d584ade5f79aa2ed0ce067e8f7da50c9a10d5
  subpackages:
  - compute/v1
  - gensupport
  - googleapi
- name: google.golang.org/appengine
  version: 58c0e2a2044a8d1abd8dd1d97939cd74497d0806
  repo: https://google.golang.org/appengine
- name: google.golang.org/cloud
  version: 975617b05ea8a58727e6c1a06b6161ff4185a9f2
  subpackages:
  - compute/metadata
  - internal
- name: google.golang.org/grpc
  version: b9a4f2b9f9dac22bdd2705ad40bcc2128d439635
  repo: https://google.golang.org/grpc
- name: gopkg.in/airbrake/gobrake.v2
  version: c9d51adc624b5cc4c1bf8de730a09af4878ffe2d
  repo: https://gopkg.in/airbrake/gobrake.v2
- name: gopkg.in/fsnotify.v1
  version: 508915b7500b6e42a87132e4afeb4729cebc7cbb
  repo: https://gopkg.in/fsnotify.v1
- name: gopkg.in/gemnasium/logrus-airbrake-hook.v2
  version: 31e6fd4bd5a98d8ee7673d24bc54ec73c31810dd
  repo: https://gopkg.in/gemnasium/logrus-airbrake-hook.v2
devImports: []
